
Microsoft Visual Studio Solution File, Format Version 12.00
# Visual Studio Version 17
VisualStudioVersion = 17.2.32630.192
MinimumVisualStudioVersion = 10.0.40219.1
Project("{9A19103F-16F7-4668-BE54-9A1E7A4F7556}") = "R5T.Q0004", "R5T.Q0004\R5T.Q0004.csproj", "{F5D298B6-45FF-4580-9CA7-65C2A5D279D2}"
EndProject
Project("{2150E333-8FDC-42A3-9474-1A3956D46DE8}") = "_Dependencies", "_Dependencies", "{3068212F-E71A-461F-8642-6A5B107E86F8}"
EndProject
Project("{9A19103F-16F7-4668-BE54-9A1E7A4F7556}") = "R5T.NG0016", "..\..\R5T.NG0016\source\R5T.NG0016\R5T.NG0016.csproj", "{66195FB5-3845-4E5D-8933-23505923B61A}"
EndProject
Project("{9A19103F-16F7-4668-BE54-9A1E7A4F7556}") = "R5T.T0141", "..\..\R5T.T0141\source\R5T.T0141\R5T.T0141.csproj", "{5388E1B1-D00C-4AD9-A515-F637C1F75767}"
EndProject
Project("{9A19103F-16F7-4668-BE54-9A1E7A4F7556}") = "R5T.R0003", "..\..\R5T.R0003\source\R5T.R0003\R5T.R0003.csproj", "{0628E999-3DD5-4146-BB28-34BE4248CFDB}"
EndProject
Project("{9A19103F-16F7-4668-BE54-9A1E7A4F7556}") = "R5T.D0118.I000", "..\..\R5T.D0118\source\R5T.D0118.I000\R5T.D0118.I000.csproj", "{2033B7A0-A9CF-486B-B080-D10313C8C58E}"
EndProject
Project("{9A19103F-16F7-4668-BE54-9A1E7A4F7556}") = "R5T.D0118", "..\..\R5T.D0118\source\R5T.D0118\R5T.D0118.csproj", "{E7470179-4D9D-47AD-8E06-96C31710DFE9}"
EndProject
Project("{9A19103F-16F7-4668-BE54-9A1E7A4F7556}") = "R5T.NG0002", "..\..\R5T.NG0002\source\R5T.NG0002\R5T.NG0002.csproj", "{F699C30E-3982-40D6-B04B-A4D7ACDC3D97}"
EndProject
Project("{9A19103F-16F7-4668-BE54-9A1E7A4F7556}") = "R5T.T0064", "..\..\R5T.T0064\source\R5T.T0064\R5T.T0064.csproj", "{B169634B-3BA1-4320-9829-7476140FCF07}"
EndProject
Project("{9A19103F-16F7-4668-BE54-9A1E7A4F7556}") = "R5T.T0132", "..\..\R5T.T0132\source\R5T.T0132\R5T.T0132.csproj", "{D6EA35F1-ED98-4107-9A0B-2C48FF75D519}"
EndProject
Project("{9A19103F-16F7-4668-BE54-9A1E7A4F7556}") = "R5T.T0142", "..\..\R5T.T0142\source\R5T.T0142\R5T.T0142.csproj", "{CBE46832-58D3-4CA8-8151-255A2F7E9A78}"
EndProject
Project("{9A19103F-16F7-4668-BE54-9A1E7A4F7556}") = "R5T.T0143", "..\..\R5T.T0143\source\R5T.T0143\R5T.T0143.csproj", "{817B872C-B300-4B2B-B06F-5E44B719668C}"
EndProject
Project("{9A19103F-16F7-4668-BE54-9A1E7A4F7556}") = "R5T.T0147.T000", "..\..\R5T.T0147\source\R5T.T0147.T000\R5T.T0147.T000.csproj", "{D4F027DB-0C2C-46D1-9AEF-09FC4F112581}"
EndProject
Project("{9A19103F-16F7-4668-BE54-9A1E7A4F7556}") = "R5T.T0147.T001", "..\..\R5T.T0147\source\R5T.T0147.T001\R5T.T0147.T001.csproj", "{1CFDC3F8-3916-4C7A-8652-CB3B2D075677}"
EndProject
Project("{9A19103F-16F7-4668-BE54-9A1E7A4F7556}") = "R5T.T0147", "..\..\R5T.T0147\source\R5T.T0147\R5T.T0147.csproj", "{87381C62-A4F9-40BB-B371-8CC98E78708F}"
EndProject
Project("{9A19103F-16F7-4668-BE54-9A1E7A4F7556}") = "R5T.Z0015", "..\..\R5T.Z0015\source\R5T.Z0015\R5T.Z0015.csproj", "{34C2D66D-F86F-4F5E-A233-CB5CD1AB468F}"
EndProject
Project("{9A19103F-16F7-4668-BE54-9A1E7A4F7556}") = "R5T.F0033", "..\..\R5T.F0033\source\R5T.F0033\R5T.F0033.csproj", "{5C6FD1CF-9510-4AF7-A0DB-4DB48E8690EF}"
EndProject
Project("{9A19103F-16F7-4668-BE54-9A1E7A4F7556}") = "R5T.F0000", "..\..\R5T.F0000\source\R5T.F0000\R5T.F0000.csproj", "{9727A690-725F-43EC-8832-3B223BF48EBA}"
EndProject
Project("{9A19103F-16F7-4668-BE54-9A1E7A4F7556}") = "R5T.T0131", "..\..\R5T.T0131\source\R5T.T0131\R5T.T0131.csproj", "{F1C337F3-9041-47B1-AF6C-D2E32C6FA91F}"
EndProject
Project("{9A19103F-16F7-4668-BE54-9A1E7A4F7556}") = "R5T.Y0000", "..\..\R5T.Y0000\source\R5T.Y0000\R5T.Y0000.csproj", "{7F65963F-C024-4C94-8BD6-A8F4DB41E67A}"
EndProject
Project("{9A19103F-16F7-4668-BE54-9A1E7A4F7556}") = "R5T.Z0000", "..\..\R5T.Z0000\source\R5T.Z0000\R5T.Z0000.csproj", "{ED43C39E-A900-45A6-9ECE-3119B9C45225}"
EndProject
Global
	GlobalSection(SolutionConfigurationPlatforms) = preSolution
		Debug|Any CPU = Debug|Any CPU
		Release|Any CPU = Release|Any CPU
	EndGlobalSection
	GlobalSection(ProjectConfigurationPlatforms) = postSolution
		{F5D298B6-45FF-4580-9CA7-65C2A5D279D2}.Debug|Any CPU.ActiveCfg = Debug|Any CPU
		{F5D298B6-45FF-4580-9CA7-65C2A5D279D2}.Debug|Any CPU.Build.0 = Debug|Any CPU
		{F5D298B6-45FF-4580-9CA7-65C2A5D279D2}.Release|Any CPU.ActiveCfg = Release|Any CPU
		{F5D298B6-45FF-4580-9CA7-65C2A5D279D2}.Release|Any CPU.Build.0 = Release|Any CPU
		{66195FB5-3845-4E5D-8933-23505923B61A}.Debug|Any CPU.ActiveCfg = Debug|Any CPU
		{66195FB5-3845-4E5D-8933-23505923B61A}.Debug|Any CPU.Build.0 = Debug|Any CPU
		{66195FB5-3845-4E5D-8933-23505923B61A}.Release|Any CPU.ActiveCfg = Release|Any CPU
		{66195FB5-3845-4E5D-8933-23505923B61A}.Release|Any CPU.Build.0 = Release|Any CPU
		{5388E1B1-D00C-4AD9-A515-F637C1F75767}.Debug|Any CPU.ActiveCfg = Debug|Any CPU
		{5388E1B1-D00C-4AD9-A515-F637C1F75767}.Debug|Any CPU.Build.0 = Debug|Any CPU
		{5388E1B1-D00C-4AD9-A515-F637C1F75767}.Release|Any CPU.ActiveCfg = Release|Any CPU
		{5388E1B1-D00C-4AD9-A515-F637C1F75767}.Release|Any CPU.Build.0 = Release|Any CPU
		{0628E999-3DD5-4146-BB28-34BE4248CFDB}.Debug|Any CPU.ActiveCfg = Debug|Any CPU
		{0628E999-3DD5-4146-BB28-34BE4248CFDB}.Debug|Any CPU.Build.0 = Debug|Any CPU
		{0628E999-3DD5-4146-BB28-34BE4248CFDB}.Release|Any CPU.ActiveCfg = Release|Any CPU
		{0628E999-3DD5-4146-BB28-34BE4248CFDB}.Release|Any CPU.Build.0 = Release|Any CPU
		{2033B7A0-A9CF-486B-B080-D10313C8C58E}.Debug|Any CPU.ActiveCfg = Debug|Any CPU
		{2033B7A0-A9CF-486B-B080-D10313C8C58E}.Debug|Any CPU.Build.0 = Debug|Any CPU
		{2033B7A0-A9CF-486B-B080-D10313C8C58E}.Release|Any CPU.ActiveCfg = Release|Any CPU
		{2033B7A0-A9CF-486B-B080-D10313C8C58E}.Release|Any CPU.Build.0 = Release|Any CPU
		{E7470179-4D9D-47AD-8E06-96C31710DFE9}.Debug|Any CPU.ActiveCfg = Debug|Any CPU
		{E7470179-4D9D-47AD-8E06-96C31710DFE9}.Debug|Any CPU.Build.0 = Debug|Any CPU
		{E7470179-4D9D-47AD-8E06-96C31710DFE9}.Release|Any CPU.ActiveCfg = Release|Any CPU
		{E7470179-4D9D-47AD-8E06-96C31710DFE9}.Release|Any CPU.Build.0 = Release|Any CPU
		{F699C30E-3982-40D6-B04B-A4D7ACDC3D97}.Debug|Any CPU.ActiveCfg = Debug|Any CPU
		{F699C30E-3982-40D6-B04B-A4D7ACDC3D97}.Debug|Any CPU.Build.0 = Debug|Any CPU
		{F699C30E-3982-40D6-B04B-A4D7ACDC3D97}.Release|Any CPU.ActiveCfg = Release|Any CPU
		{F699C30E-3982-40D6-B04B-A4D7ACDC3D97}.Release|Any CPU.Build.0 = Release|Any CPU
		{B169634B-3BA1-4320-9829-7476140FCF07}.Debug|Any CPU.ActiveCfg = Debug|Any CPU
		{B169634B-3BA1-4320-9829-7476140FCF07}.Debug|Any CPU.Build.0 = Debug|Any CPU
		{B169634B-3BA1-4320-9829-7476140FCF07}.Release|Any CPU.ActiveCfg = Release|Any CPU
		{B169634B-3BA1-4320-9829-7476140FCF07}.Release|Any CPU.Build.0 = Release|Any CPU
		{D6EA35F1-ED98-4107-9A0B-2C48FF75D519}.Debug|Any CPU.ActiveCfg = Debug|Any CPU
		{D6EA35F1-ED98-4107-9A0B-2C48FF75D519}.Debug|Any CPU.Build.0 = Debug|Any CPU
		{D6EA35F1-ED98-4107-9A0B-2C48FF75D519}.Release|Any CPU.ActiveCfg = Release|Any CPU
		{D6EA35F1-ED98-4107-9A0B-2C48FF75D519}.Release|Any CPU.Build.0 = Release|Any CPU
		{CBE46832-58D3-4CA8-8151-255A2F7E9A78}.Debug|Any CPU.ActiveCfg = Debug|Any CPU
		{CBE46832-58D3-4CA8-8151-255A2F7E9A78}.Debug|Any CPU.Build.0 = Debug|Any CPU
		{CBE46832-58D3-4CA8-8151-255A2F7E9A78}.Release|Any CPU.ActiveCfg = Release|Any CPU
		{CBE46832-58D3-4CA8-8151-255A2F7E9A78}.Release|Any CPU.Build.0 = Release|Any CPU
		{817B872C-B300-4B2B-B06F-5E44B719668C}.Debug|Any CPU.ActiveCfg = Debug|Any CPU
		{817B872C-B300-4B2B-B06F-5E44B719668C}.Debug|Any CPU.Build.0 = Debug|Any CPU
		{817B872C-B300-4B2B-B06F-5E44B719668C}.Release|Any CPU.ActiveCfg = Release|Any CPU
		{817B872C-B300-4B2B-B06F-5E44B719668C}.Release|Any CPU.Build.0 = Release|Any CPU
		{D4F027DB-0C2C-46D1-9AEF-09FC4F112581}.Debug|Any CPU.ActiveCfg = Debug|Any CPU
		{D4F027DB-0C2C-46D1-9AEF-09FC4F112581}.Debug|Any CPU.Build.0 = Debug|Any CPU
		{D4F027DB-0C2C-46D1-9AEF-09FC4F112581}.Release|Any CPU.ActiveCfg = Release|Any CPU
		{D4F027DB-0C2C-46D1-9AEF-09FC4F112581}.Release|Any CPU.Build.0 = Release|Any CPU
		{1CFDC3F8-3916-4C7A-8652-CB3B2D075677}.Debug|Any CPU.ActiveCfg = Debug|Any CPU
		{1CFDC3F8-3916-4C7A-8652-CB3B2D075677}.Debug|Any CPU.Build.0 = Debug|Any CPU
		{1CFDC3F8-3916-4C7A-8652-CB3B2D075677}.Release|Any CPU.ActiveCfg = Release|Any CPU
		{1CFDC3F8-3916-4C7A-8652-CB3B2D075677}.Release|Any CPU.Build.0 = Release|Any CPU
		{87381C62-A4F9-40BB-B371-8CC98E78708F}.Debug|Any CPU.ActiveCfg = Debug|Any CPU
		{87381C62-A4F9-40BB-B371-8CC98E78708F}.Debug|Any CPU.Build.0 = Debug|Any CPU
		{87381C62-A4F9-40BB-B371-8CC98E78708F}.Release|Any CPU.ActiveCfg = Release|Any CPU
		{87381C62-A4F9-40BB-B371-8CC98E78708F}.Release|Any CPU.Build.0 = Release|Any CPU
		{34C2D66D-F86F-4F5E-A233-CB5CD1AB468F}.Debug|Any CPU.ActiveCfg = Debug|Any CPU
		{34C2D66D-F86F-4F5E-A233-CB5CD1AB468F}.Debug|Any CPU.Build.0 = Debug|Any CPU
		{34C2D66D-F86F-4F5E-A233-CB5CD1AB468F}.Release|Any CPU.ActiveCfg = Release|Any CPU
		{34C2D66D-F86F-4F5E-A233-CB5CD1AB468F}.Release|Any CPU.Build.0 = Release|Any CPU
		{5C6FD1CF-9510-4AF7-A0DB-4DB48E8690EF}.Debug|Any CPU.ActiveCfg = Debug|Any CPU
		{5C6FD1CF-9510-4AF7-A0DB-4DB48E8690EF}.Debug|Any CPU.Build.0 = Debug|Any CPU
		{5C6FD1CF-9510-4AF7-A0DB-4DB48E8690EF}.Release|Any CPU.ActiveCfg = Release|Any CPU
		{5C6FD1CF-9510-4AF7-A0DB-4DB48E8690EF}.Release|Any CPU.Build.0 = Release|Any CPU
		{9727A690-725F-43EC-8832-3B223BF48EBA}.Debug|Any CPU.ActiveCfg = Debug|Any CPU
		{9727A690-725F-43EC-8832-3B223BF48EBA}.Debug|Any CPU.Build.0 = Debug|Any CPU
		{9727A690-725F-43EC-8832-3B223BF48EBA}.Release|Any CPU.ActiveCfg = Release|Any CPU
		{9727A690-725F-43EC-8832-3B223BF48EBA}.Release|Any CPU.Build.0 = Release|Any CPU
		{F1C337F3-9041-47B1-AF6C-D2E32C6FA91F}.Debug|Any CPU.ActiveCfg = Debug|Any CPU
		{F1C337F3-9041-47B1-AF6C-D2E32C6FA91F}.Debug|Any CPU.Build.0 = Debug|Any CPU
		{F1C337F3-9041-47B1-AF6C-D2E32C6FA91F}.Release|Any CPU.ActiveCfg = Release|Any CPU
		{F1C337F3-9041-47B1-AF6C-D2E32C6FA91F}.Release|Any CPU.Build.0 = Release|Any CPU
		{7F65963F-C024-4C94-8BD6-A8F4DB41E67A}.Debug|Any CPU.ActiveCfg = Debug|Any CPU
		{7F65963F-C024-4C94-8BD6-A8F4DB41E67A}.Debug|Any CPU.Build.0 = Debug|Any CPU
		{7F65963F-C024-4C94-8BD6-A8F4DB41E67A}.Release|Any CPU.ActiveCfg = Release|Any CPU
		{7F65963F-C024-4C94-8BD6-A8F4DB41E67A}.Release|Any CPU.Build.0 = Release|Any CPU
		{ED43C39E-A900-45A6-9ECE-3119B9C45225}.Debug|Any CPU.ActiveCfg = Debug|Any CPU
		{ED43C39E-A900-45A6-9ECE-3119B9C45225}.Debug|Any CPU.Build.0 = Debug|Any CPU
		{ED43C39E-A900-45A6-9ECE-3119B9C45225}.Release|Any CPU.ActiveCfg = Release|Any CPU
		{ED43C39E-A900-45A6-9ECE-3119B9C45225}.Release|Any CPU.Build.0 = Release|Any CPU
	EndGlobalSection
	GlobalSection(SolutionProperties) = preSolution
		HideSolutionNode = FALSE
	EndGlobalSection
	GlobalSection(NestedProjects) = preSolution
		{66195FB5-3845-4E5D-8933-23505923B61A} = {3068212F-E71A-461F-8642-6A5B107E86F8}
		{5388E1B1-D00C-4AD9-A515-F637C1F75767} = {3068212F-E71A-461F-8642-6A5B107E86F8}
		{0628E999-3DD5-4146-BB28-34BE4248CFDB} = {3068212F-E71A-461F-8642-6A5B107E86F8}
		{2033B7A0-A9CF-486B-B080-D10313C8C58E} = {3068212F-E71A-461F-8642-6A5B107E86F8}
		{E7470179-4D9D-47AD-8E06-96C31710DFE9} = {3068212F-E71A-461F-8642-6A5B107E86F8}
		{F699C30E-3982-40D6-B04B-A4D7ACDC3D97} = {3068212F-E71A-461F-8642-6A5B107E86F8}
		{B169634B-3BA1-4320-9829-7476140FCF07} = {3068212F-E71A-461F-8642-6A5B107E86F8}
		{D6EA35F1-ED98-4107-9A0B-2C48FF75D519} = {3068212F-E71A-461F-8642-6A5B107E86F8}
		{CBE46832-58D3-4CA8-8151-255A2F7E9A78} = {3068212F-E71A-461F-8642-6A5B107E86F8}
		{817B872C-B300-4B2B-B06F-5E44B719668C} = {3068212F-E71A-461F-8642-6A5B107E86F8}
		{D4F027DB-0C2C-46D1-9AEF-09FC4F112581} = {3068212F-E71A-461F-8642-6A5B107E86F8}
		{1CFDC3F8-3916-4C7A-8652-CB3B2D075677} = {3068212F-E71A-461F-8642-6A5B107E86F8}
		{87381C62-A4F9-40BB-B371-8CC98E78708F} = {3068212F-E71A-461F-8642-6A5B107E86F8}
		{34C2D66D-F86F-4F5E-A233-CB5CD1AB468F} = {3068212F-E71A-461F-8642-6A5B107E86F8}
		{5C6FD1CF-9510-4AF7-A0DB-4DB48E8690EF} = {3068212F-E71A-461F-8642-6A5B107E86F8}
		{9727A690-725F-43EC-8832-3B223BF48EBA} = {3068212F-E71A-461F-8642-6A5B107E86F8}
		{F1C337F3-9041-47B1-AF6C-D2E32C6FA91F} = {3068212F-E71A-461F-8642-6A5B107E86F8}
		{7F65963F-C024-4C94-8BD6-A8F4DB41E67A} = {3068212F-E71A-461F-8642-6A5B107E86F8}
		{ED43C39E-A900-45A6-9ECE-3119B9C45225} = {3068212F-E71A-461F-8642-6A5B107E86F8}
	EndGlobalSection
	GlobalSection(ExtensibilityGlobals) = postSolution
		SolutionGuid = {9BD115C5-1C0A-4C85-B6D8-010D600FE1EF}
	EndGlobalSection
EndGlobal
