
Microsoft Visual Studio Solution File, Format Version 12.00
# Visual Studio Version 17
VisualStudioVersion = 17.2.32630.192
MinimumVisualStudioVersion = 10.0.40219.1
Project("{9A19103F-16F7-4668-BE54-9A1E7A4F7556}") = "R5T.Q0004", "R5T.Q0004\R5T.Q0004.csproj", "{F5D298B6-45FF-4580-9CA7-65C2A5D279D2}"
EndProject
Global
	GlobalSection(SolutionConfigurationPlatforms) = preSolution
		Debug|Any CPU = Debug|Any CPU
		Release|Any CPU = Release|Any CPU
	EndGlobalSection
	GlobalSection(ProjectConfigurationPlatforms) = postSolution
		{F5D298B6-45FF-4580-9CA7-65C2A5D279D2}.Debug|Any CPU.ActiveCfg = Debug|Any CPU
		{F5D298B6-45FF-4580-9CA7-65C2A5D279D2}.Debug|Any CPU.Build.0 = Debug|Any CPU
		{F5D298B6-45FF-4580-9CA7-65C2A5D279D2}.Release|Any CPU.ActiveCfg = Release|Any CPU
		{F5D298B6-45FF-4580-9CA7-65C2A5D279D2}.Release|Any CPU.Build.0 = Release|Any CPU
	EndGlobalSection
	GlobalSection(SolutionProperties) = preSolution
		HideSolutionNode = FALSE
	EndGlobalSection
	GlobalSection(ExtensibilityGlobals) = postSolution
		SolutionGuid = {9BD115C5-1C0A-4C85-B6D8-010D600FE1EF}
	EndGlobalSection
EndGlobal
